// !$*UTF8*$!
{
	archiveVersion = 1;
	classes = {
	};
	objectVersion = 46;
	objects = {

/* Begin PBXBuildFile section */
		260FC7CF199CEE6600C5ED9C /* Foundation.framework in Frameworks */ = {isa = PBXBuildFile; fileRef = 260FC7CE199CEE6600C5ED9C /* Foundation.framework */; };
		260FC7D1199CEE6600C5ED9C /* CoreGraphics.framework in Frameworks */ = {isa = PBXBuildFile; fileRef = 260FC7D0199CEE6600C5ED9C /* CoreGraphics.framework */; };
		260FC7D3199CEE6600C5ED9C /* UIKit.framework in Frameworks */ = {isa = PBXBuildFile; fileRef = 260FC7D2199CEE6600C5ED9C /* UIKit.framework */; };
		260FC7D9199CEE6600C5ED9C /* InfoPlist.strings in Resources */ = {isa = PBXBuildFile; fileRef = 260FC7D7199CEE6600C5ED9C /* InfoPlist.strings */; };
		260FC7DB199CEE6600C5ED9C /* main.m in Sources */ = {isa = PBXBuildFile; fileRef = 260FC7DA199CEE6600C5ED9C /* main.m */; };
		260FC7DF199CEE6600C5ED9C /* SDAAppDelegate.m in Sources */ = {isa = PBXBuildFile; fileRef = 260FC7DE199CEE6600C5ED9C /* SDAAppDelegate.m */; };
		260FC7E1199CEE6600C5ED9C /* Images.xcassets in Resources */ = {isa = PBXBuildFile; fileRef = 260FC7E0199CEE6600C5ED9C /* Images.xcassets */; };
		260FC7E8199CEE6600C5ED9C /* XCTest.framework in Frameworks */ = {isa = PBXBuildFile; fileRef = 260FC7E7199CEE6600C5ED9C /* XCTest.framework */; };
		260FC7E9199CEE6600C5ED9C /* Foundation.framework in Frameworks */ = {isa = PBXBuildFile; fileRef = 260FC7CE199CEE6600C5ED9C /* Foundation.framework */; };
		260FC7EA199CEE6600C5ED9C /* UIKit.framework in Frameworks */ = {isa = PBXBuildFile; fileRef = 260FC7D2199CEE6600C5ED9C /* UIKit.framework */; };
		260FC7F2199CEE6600C5ED9C /* InfoPlist.strings in Resources */ = {isa = PBXBuildFile; fileRef = 260FC7F0199CEE6600C5ED9C /* InfoPlist.strings */; };
		260FC7F4199CEE6600C5ED9C /* Signatures2Tests.m in Sources */ = {isa = PBXBuildFile; fileRef = 260FC7F3199CEE6600C5ED9C /* Signatures2Tests.m */; };
		260FC800199CF04000C5ED9C /* SDARootVC.m in Sources */ = {isa = PBXBuildFile; fileRef = 260FC7FF199CF04000C5ED9C /* SDARootVC.m */; };
		260FC803199CF06E00C5ED9C /* SDATableVC.m in Sources */ = {isa = PBXBuildFile; fileRef = 260FC802199CF06E00C5ED9C /* SDATableVC.m */; };
		260FC809199CF0C800C5ED9C /* SDADrawView.m in Sources */ = {isa = PBXBuildFile; fileRef = 260FC808199CF0C800C5ED9C /* SDADrawView.m */; };
		260FC80C199CF0F000C5ED9C /* SDATVCell.m in Sources */ = {isa = PBXBuildFile; fileRef = 260FC80B199CF0F000C5ED9C /* SDATVCell.m */; };
		260FC811199CF4C300C5ED9C /* SDADrawVC.m in Sources */ = {isa = PBXBuildFile; fileRef = 260FC810199CF4C300C5ED9C /* SDADrawVC.m */; };
/* End PBXBuildFile section */

/* Begin PBXContainerItemProxy section */
		260FC7EB199CEE6600C5ED9C /* PBXContainerItemProxy */ = {
			isa = PBXContainerItemProxy;
			containerPortal = 260FC7C3199CEE6600C5ED9C /* Project object */;
			proxyType = 1;
			remoteGlobalIDString = 260FC7CA199CEE6600C5ED9C;
			remoteInfo = Signatures2;
		};
/* End PBXContainerItemProxy section */

/* Begin PBXFileReference section */
		260FC7CB199CEE6600C5ED9C /* Signatures2.app */ = {isa = PBXFileReference; explicitFileType = wrapper.application; includeInIndex = 0; path = Signatures2.app; sourceTree = BUILT_PRODUCTS_DIR; };
		260FC7CE199CEE6600C5ED9C /* Foundation.framework */ = {isa = PBXFileReference; lastKnownFileType = wrapper.framework; name = Foundation.framework; path = System/Library/Frameworks/Foundation.framework; sourceTree = SDKROOT; };
		260FC7D0199CEE6600C5ED9C /* CoreGraphics.framework */ = {isa = PBXFileReference; lastKnownFileType = wrapper.framework; name = CoreGraphics.framework; path = System/Library/Frameworks/CoreGraphics.framework; sourceTree = SDKROOT; };
		260FC7D2199CEE6600C5ED9C /* UIKit.framework */ = {isa = PBXFileReference; lastKnownFileType = wrapper.framework; name = UIKit.framework; path = System/Library/Frameworks/UIKit.framework; sourceTree = SDKROOT; };
		260FC7D6199CEE6600C5ED9C /* Signatures2-Info.plist */ = {isa = PBXFileReference; lastKnownFileType = text.plist.xml; path = "Signatures2-Info.plist"; sourceTree = "<group>"; };
		260FC7D8199CEE6600C5ED9C /* en */ = {isa = PBXFileReference; lastKnownFileType = text.plist.strings; name = en; path = en.lproj/InfoPlist.strings; sourceTree = "<group>"; };
		260FC7DA199CEE6600C5ED9C /* main.m */ = {isa = PBXFileReference; lastKnownFileType = sourcecode.c.objc; path = main.m; sourceTree = "<group>"; };
		260FC7DC199CEE6600C5ED9C /* Signatures2-Prefix.pch */ = {isa = PBXFileReference; lastKnownFileType = sourcecode.c.h; path = "Signatures2-Prefix.pch"; sourceTree = "<group>"; };
		260FC7DD199CEE6600C5ED9C /* SDAAppDelegate.h */ = {isa = PBXFileReference; lastKnownFileType = sourcecode.c.h; path = SDAAppDelegate.h; sourceTree = "<group>"; };
		260FC7DE199CEE6600C5ED9C /* SDAAppDelegate.m */ = {isa = PBXFileReference; lastKnownFileType = sourcecode.c.objc; path = SDAAppDelegate.m; sourceTree = "<group>"; };
		260FC7E0199CEE6600C5ED9C /* Images.xcassets */ = {isa = PBXFileReference; lastKnownFileType = folder.assetcatalog; path = Images.xcassets; sourceTree = "<group>"; };
		260FC7E6199CEE6600C5ED9C /* Signatures2Tests.xctest */ = {isa = PBXFileReference; explicitFileType = wrapper.cfbundle; includeInIndex = 0; path = Signatures2Tests.xctest; sourceTree = BUILT_PRODUCTS_DIR; };
		260FC7E7199CEE6600C5ED9C /* XCTest.framework */ = {isa = PBXFileReference; lastKnownFileType = wrapper.framework; name = XCTest.framework; path = Library/Frameworks/XCTest.framework; sourceTree = DEVELOPER_DIR; };
		260FC7EF199CEE6600C5ED9C /* Signatures2Tests-Info.plist */ = {isa = PBXFileReference; lastKnownFileType = text.plist.xml; path = "Signatures2Tests-Info.plist"; sourceTree = "<group>"; };
		260FC7F1199CEE6600C5ED9C /* en */ = {isa = PBXFileReference; lastKnownFileType = text.plist.strings; name = en; path = en.lproj/InfoPlist.strings; sourceTree = "<group>"; };
		260FC7F3199CEE6600C5ED9C /* Signatures2Tests.m */ = {isa = PBXFileReference; lastKnownFileType = sourcecode.c.objc; path = Signatures2Tests.m; sourceTree = "<group>"; };
		260FC7FE199CF04000C5ED9C /* SDARootVC.h */ = {isa = PBXFileReference; fileEncoding = 4; lastKnownFileType = sourcecode.c.h; path = SDARootVC.h; sourceTree = "<group>"; };
		260FC7FF199CF04000C5ED9C /* SDARootVC.m */ = {isa = PBXFileReference; fileEncoding = 4; lastKnownFileType = sourcecode.c.objc; path = SDARootVC.m; sourceTree = "<group>"; };
		260FC801199CF06E00C5ED9C /* SDATableVC.h */ = {isa = PBXFileReference; fileEncoding = 4; lastKnownFileType = sourcecode.c.h; path = SDATableVC.h; sourceTree = "<group>"; };
		260FC802199CF06E00C5ED9C /* SDATableVC.m */ = {isa = PBXFileReference; fileEncoding = 4; lastKnownFileType = sourcecode.c.objc; path = SDATableVC.m; sourceTree = "<group>"; };
		260FC807199CF0C800C5ED9C /* SDADrawView.h */ = {isa = PBXFileReference; fileEncoding = 4; lastKnownFileType = sourcecode.c.h; path = SDADrawView.h; sourceTree = "<group>"; };
		260FC808199CF0C800C5ED9C /* SDADrawView.m */ = {isa = PBXFileReference; fileEncoding = 4; lastKnownFileType = sourcecode.c.objc; path = SDADrawView.m; sourceTree = "<group>"; };
		260FC80A199CF0F000C5ED9C /* SDATVCell.h */ = {isa = PBXFileReference; fileEncoding = 4; lastKnownFileType = sourcecode.c.h; path = SDATVCell.h; sourceTree = "<group>"; };
		260FC80B199CF0F000C5ED9C /* SDATVCell.m */ = {isa = PBXFileReference; fileEncoding = 4; lastKnownFileType = sourcecode.c.objc; path = SDATVCell.m; sourceTree = "<group>"; };
		260FC80F199CF4C300C5ED9C /* SDADrawVC.h */ = {isa = PBXFileReference; fileEncoding = 4; lastKnownFileType = sourcecode.c.h; path = SDADrawVC.h; sourceTree = "<group>"; };
		260FC810199CF4C300C5ED9C /* SDADrawVC.m */ = {isa = PBXFileReference; fileEncoding = 4; lastKnownFileType = sourcecode.c.objc; path = SDADrawVC.m; sourceTree = "<group>"; };
/* End PBXFileReference section */

/* Begin PBXFrameworksBuildPhase section */
		260FC7C8199CEE6600C5ED9C /* Frameworks */ = {
			isa = PBXFrameworksBuildPhase;
			buildActionMask = 2147483647;
			files = (
				260FC7D1199CEE6600C5ED9C /* CoreGraphics.framework in Frameworks */,
				260FC7D3199CEE6600C5ED9C /* UIKit.framework in Frameworks */,
				260FC7CF199CEE6600C5ED9C /* Foundation.framework in Frameworks */,
			);
			runOnlyForDeploymentPostprocessing = 0;
		};
		260FC7E3199CEE6600C5ED9C /* Frameworks */ = {
			isa = PBXFrameworksBuildPhase;
			buildActionMask = 2147483647;
			files = (
				260FC7E8199CEE6600C5ED9C /* XCTest.framework in Frameworks */,
				260FC7EA199CEE6600C5ED9C /* UIKit.framework in Frameworks */,
				260FC7E9199CEE6600C5ED9C /* Foundation.framework in Frameworks */,
			);
			runOnlyForDeploymentPostprocessing = 0;
		};
/* End PBXFrameworksBuildPhase section */

/* Begin PBXGroup section */
		260FC7C2199CEE6600C5ED9C = {
			isa = PBXGroup;
			children = (
				260FC7FD199CF01400C5ED9C /* Controllers */,
				260FC7D4199CEE6600C5ED9C /* Signatures2 */,
				260FC7ED199CEE6600C5ED9C /* Signatures2Tests */,
				260FC7CD199CEE6600C5ED9C /* Frameworks */,
				260FC7CC199CEE6600C5ED9C /* Products */,
			);
			sourceTree = "<group>";
		};
		260FC7CC199CEE6600C5ED9C /* Products */ = {
			isa = PBXGroup;
			children = (
				260FC7CB199CEE6600C5ED9C /* Signatures2.app */,
				260FC7E6199CEE6600C5ED9C /* Signatures2Tests.xctest */,
			);
			name = Products;
			sourceTree = "<group>";
		};
		260FC7CD199CEE6600C5ED9C /* Frameworks */ = {
			isa = PBXGroup;
			children = (
				260FC7CE199CEE6600C5ED9C /* Foundation.framework */,
				260FC7D0199CEE6600C5ED9C /* CoreGraphics.framework */,
				260FC7D2199CEE6600C5ED9C /* UIKit.framework */,
				260FC7E7199CEE6600C5ED9C /* XCTest.framework */,
			);
			name = Frameworks;
			sourceTree = "<group>";
		};
		260FC7D4199CEE6600C5ED9C /* Signatures2 */ = {
			isa = PBXGroup;
			children = (
				260FC7DD199CEE6600C5ED9C /* SDAAppDelegate.h */,
				260FC7DE199CEE6600C5ED9C /* SDAAppDelegate.m */,
				260FC7E0199CEE6600C5ED9C /* Images.xcassets */,
				260FC7D5199CEE6600C5ED9C /* Supporting Files */,
			);
			path = Signatures2;
			sourceTree = "<group>";
		};
		260FC7D5199CEE6600C5ED9C /* Supporting Files */ = {
			isa = PBXGroup;
			children = (
				260FC7D6199CEE6600C5ED9C /* Signatures2-Info.plist */,
				260FC7D7199CEE6600C5ED9C /* InfoPlist.strings */,
				260FC7DA199CEE6600C5ED9C /* main.m */,
				260FC7DC199CEE6600C5ED9C /* Signatures2-Prefix.pch */,
			);
			name = "Supporting Files";
			sourceTree = "<group>";
		};
		260FC7ED199CEE6600C5ED9C /* Signatures2Tests */ = {
			isa = PBXGroup;
			children = (
				260FC7F3199CEE6600C5ED9C /* Signatures2Tests.m */,
				260FC7EE199CEE6600C5ED9C /* Supporting Files */,
			);
			path = Signatures2Tests;
			sourceTree = "<group>";
		};
		260FC7EE199CEE6600C5ED9C /* Supporting Files */ = {
			isa = PBXGroup;
			children = (
				260FC7EF199CEE6600C5ED9C /* Signatures2Tests-Info.plist */,
				260FC7F0199CEE6600C5ED9C /* InfoPlist.strings */,
			);
			name = "Supporting Files";
			sourceTree = "<group>";
		};
		260FC7FD199CF01400C5ED9C /* Controllers */ = {
			isa = PBXGroup;
			children = (
				260FC7FE199CF04000C5ED9C /* SDARootVC.h */,
				260FC7FF199CF04000C5ED9C /* SDARootVC.m */,
				260FC801199CF06E00C5ED9C /* SDATableVC.h */,
				260FC802199CF06E00C5ED9C /* SDATableVC.m */,
				260FC80E199CF11A00C5ED9C /* ListTVC */,
				260FC80F199CF4C300C5ED9C /* SDADrawVC.h */,
				260FC810199CF4C300C5ED9C /* SDADrawVC.m */,
				260FC80D199CF0F900C5ED9C /* Draw View */,
			);
			name = Controllers;
			sourceTree = "<group>";
		};
		260FC80D199CF0F900C5ED9C /* Draw View */ = {
			isa = PBXGroup;
			children = (
				260FC807199CF0C800C5ED9C /* SDADrawView.h */,
				260FC808199CF0C800C5ED9C /* SDADrawView.m */,
			);
			name = "Draw View";
			sourceTree = "<group>";
		};
		260FC80E199CF11A00C5ED9C /* ListTVC */ = {
			isa = PBXGroup;
			children = (
				260FC80A199CF0F000C5ED9C /* SDATVCell.h */,
				260FC80B199CF0F000C5ED9C /* SDATVCell.m */,
			);
			name = ListTVC;
			sourceTree = "<group>";
		};
/* End PBXGroup section */

/* Begin PBXNativeTarget section */
		260FC7CA199CEE6600C5ED9C /* Signatures2 */ = {
			isa = PBXNativeTarget;
			buildConfigurationList = 260FC7F7199CEE6600C5ED9C /* Build configuration list for PBXNativeTarget "Signatures2" */;
			buildPhases = (
				260FC7C7199CEE6600C5ED9C /* Sources */,
				260FC7C8199CEE6600C5ED9C /* Frameworks */,
				260FC7C9199CEE6600C5ED9C /* Resources */,
			);
			buildRules = (
			);
			dependencies = (
			);
			name = Signatures2;
			productName = Signatures2;
			productReference = 260FC7CB199CEE6600C5ED9C /* Signatures2.app */;
			productType = "com.apple.product-type.application";
		};
		260FC7E5199CEE6600C5ED9C /* Signatures2Tests */ = {
			isa = PBXNativeTarget;
			buildConfigurationList = 260FC7FA199CEE6600C5ED9C /* Build configuration list for PBXNativeTarget "Signatures2Tests" */;
			buildPhases = (
				260FC7E2199CEE6600C5ED9C /* Sources */,
				260FC7E3199CEE6600C5ED9C /* Frameworks */,
				260FC7E4199CEE6600C5ED9C /* Resources */,
			);
			buildRules = (
			);
			dependencies = (
				260FC7EC199CEE6600C5ED9C /* PBXTargetDependency */,
			);
			name = Signatures2Tests;
			productName = Signatures2Tests;
			productReference = 260FC7E6199CEE6600C5ED9C /* Signatures2Tests.xctest */;
			productType = "com.apple.product-type.bundle.unit-test";
		};
/* End PBXNativeTarget section */

/* Begin PBXProject section */
		260FC7C3199CEE6600C5ED9C /* Project object */ = {
			isa = PBXProject;
			attributes = {
				CLASSPREFIX = SDA;
				LastUpgradeCheck = 0510;
				ORGANIZATIONNAME = "Kalson Kalu";
				TargetAttributes = {
					260FC7E5199CEE6600C5ED9C = {
						TestTargetID = 260FC7CA199CEE6600C5ED9C;
					};
				};
			};
			buildConfigurationList = 260FC7C6199CEE6600C5ED9C /* Build configuration list for PBXProject "Signatures2" */;
			compatibilityVersion = "Xcode 3.2";
			developmentRegion = English;
			hasScannedForEncodings = 0;
			knownRegions = (
				en,
			);
			mainGroup = 260FC7C2199CEE6600C5ED9C;
			productRefGroup = 260FC7CC199CEE6600C5ED9C /* Products */;
			projectDirPath = "";
			projectRoot = "";
			targets = (
				260FC7CA199CEE6600C5ED9C /* Signatures2 */,
				260FC7E5199CEE6600C5ED9C /* Signatures2Tests */,
			);
		};
/* End PBXProject section */

/* Begin PBXResourcesBuildPhase section */
		260FC7C9199CEE6600C5ED9C /* Resources */ = {
			isa = PBXResourcesBuildPhase;
			buildActionMask = 2147483647;
			files = (
				260FC7D9199CEE6600C5ED9C /* InfoPlist.strings in Resources */,
				260FC7E1199CEE6600C5ED9C /* Images.xcassets in Resources */,
			);
			runOnlyForDeploymentPostprocessing = 0;
		};
		260FC7E4199CEE6600C5ED9C /* Resources */ = {
			isa = PBXResourcesBuildPhase;
			buildActionMask = 2147483647;
			files = (
				260FC7F2199CEE6600C5ED9C /* InfoPlist.strings in Resources */,
			);
			runOnlyForDeploymentPostprocessing = 0;
		};
/* End PBXResourcesBuildPhase section */

/* Begin PBXSourcesBuildPhase section */
		260FC7C7199CEE6600C5ED9C /* Sources */ = {
			isa = PBXSourcesBuildPhase;
			buildActionMask = 2147483647;
			files = (
				260FC803199CF06E00C5ED9C /* SDATableVC.m in Sources */,
				260FC80C199CF0F000C5ED9C /* SDATVCell.m in Sources */,
				260FC809199CF0C800C5ED9C /* SDADrawView.m in Sources */,
				260FC811199CF4C300C5ED9C /* SDADrawVC.m in Sources */,
				260FC7DB199CEE6600C5ED9C /* main.m in Sources */,
				260FC7DF199CEE6600C5ED9C /* SDAAppDelegate.m in Sources */,
				260FC800199CF04000C5ED9C /* SDARootVC.m in Sources */,
			);
			runOnlyForDeploymentPostprocessing = 0;
		};
		260FC7E2199CEE6600C5ED9C /* Sources */ = {
			isa = PBXSourcesBuildPhase;
			buildActionMask = 2147483647;
			files = (
				260FC7F4199CEE6600C5ED9C /* Signatures2Tests.m in Sources */,
			);
			runOnlyForDeploymentPostprocessing = 0;
		};
/* End PBXSourcesBuildPhase section */

/* Begin PBXTargetDependency section */
		260FC7EC199CEE6600C5ED9C /* PBXTargetDependency */ = {
			isa = PBXTargetDependency;
			target = 260FC7CA199CEE6600C5ED9C /* Signatures2 */;
			targetProxy = 260FC7EB199CEE6600C5ED9C /* PBXContainerItemProxy */;
		};
/* End PBXTargetDependency section */

/* Begin PBXVariantGroup section */
		260FC7D7199CEE6600C5ED9C /* InfoPlist.strings */ = {
			isa = PBXVariantGroup;
			children = (
				260FC7D8199CEE6600C5ED9C /* en */,
			);
			name = InfoPlist.strings;
			sourceTree = "<group>";
		};
		260FC7F0199CEE6600C5ED9C /* InfoPlist.strings */ = {
			isa = PBXVariantGroup;
			children = (
				260FC7F1199CEE6600C5ED9C /* en */,
			);
			name = InfoPlist.strings;
			sourceTree = "<group>";
		};
/* End PBXVariantGroup section */

/* Begin XCBuildConfiguration section */
		260FC7F5199CEE6600C5ED9C /* Debug */ = {
			isa = XCBuildConfiguration;
			buildSettings = {
				ALWAYS_SEARCH_USER_PATHS = NO;
				CLANG_CXX_LANGUAGE_STANDARD = "gnu++0x";
				CLANG_CXX_LIBRARY = "libc++";
				CLANG_ENABLE_MODULES = YES;
				CLANG_ENABLE_OBJC_ARC = YES;
				CLANG_WARN_BOOL_CONVERSION = YES;
				CLANG_WARN_CONSTANT_CONVERSION = YES;
				CLANG_WARN_DIRECT_OBJC_ISA_USAGE = YES_ERROR;
				CLANG_WARN_EMPTY_BODY = YES;
				CLANG_WARN_ENUM_CONVERSION = YES;
				CLANG_WARN_INT_CONVERSION = YES;
				CLANG_WARN_OBJC_ROOT_CLASS = YES_ERROR;
				CLANG_WARN__DUPLICATE_METHOD_MATCH = YES;
				"CODE_SIGN_IDENTITY[sdk=iphoneos*]" = "iPhone Developer";
				COPY_PHASE_STRIP = NO;
				GCC_C_LANGUAGE_STANDARD = gnu99;
				GCC_DYNAMIC_NO_PIC = NO;
				GCC_OPTIMIZATION_LEVEL = 0;
				GCC_PREPROCESSOR_DEFINITIONS = (
					"DEBUG=1",
					"$(inherited)",
				);
				GCC_SYMBOLS_PRIVATE_EXTERN = NO;
				GCC_WARN_64_TO_32_BIT_CONVERSION = YES;
				GCC_WARN_ABOUT_RETURN_TYPE = YES_ERROR;
				GCC_WARN_UNDECLARED_SELECTOR = YES;
				GCC_WARN_UNINITIALIZED_AUTOS = YES_AGGRESSIVE;
				GCC_WARN_UNUSED_FUNCTION = YES;
				GCC_WARN_UNUSED_VARIABLE = YES;
				IPHONEOS_DEPLOYMENT_TARGET = 7.1;
				ONLY_ACTIVE_ARCH = YES;
				SDKROOT = iphoneos;
			};
			name = Debug;
		};
		260FC7F6199CEE6600C5ED9C /* Release */ = {
			isa = XCBuildConfiguration;
			buildSettings = {
				ALWAYS_SEARCH_USER_PATHS = NO;
				CLANG_CXX_LANGUAGE_STANDARD = "gnu++0x";
				CLANG_CXX_LIBRARY = "libc++";
				CLANG_ENABLE_MODULES = YES;
				CLANG_ENABLE_OBJC_ARC = YES;
				CLANG_WARN_BOOL_CONVERSION = YES;
				CLANG_WARN_CONSTANT_CONVERSION = YES;
				CLANG_WARN_DIRECT_OBJC_ISA_USAGE = YES_ERROR;
				CLANG_WARN_EMPTY_BODY = YES;
				CLANG_WARN_ENUM_CONVERSION = YES;
				CLANG_WARN_INT_CONVERSION = YES;
				CLANG_WARN_OBJC_ROOT_CLASS = YES_ERROR;
				CLANG_WARN__DUPLICATE_METHOD_MATCH = YES;
				"CODE_SIGN_IDENTITY[sdk=iphoneos*]" = "iPhone Developer";
				COPY_PHASE_STRIP = YES;
				ENABLE_NS_ASSERTIONS = NO;
				GCC_C_LANGUAGE_STANDARD = gnu99;
				GCC_WARN_64_TO_32_BIT_CONVERSION = YES;
				GCC_WARN_ABOUT_RETURN_TYPE = YES_ERROR;
				GCC_WARN_UNDECLARED_SELECTOR = YES;
				GCC_WARN_UNINITIALIZED_AUTOS = YES_AGGRESSIVE;
				GCC_WARN_UNUSED_FUNCTION = YES;
				GCC_WARN_UNUSED_VARIABLE = YES;
				IPHONEOS_DEPLOYMENT_TARGET = 7.1;
				SDKROOT = iphoneos;
				VALIDATE_PRODUCT = YES;
			};
			name = Release;
		};
		260FC7F8199CEE6600C5ED9C /* Debug */ = {
			isa = XCBuildConfiguration;
			buildSettings = {
				ASSETCATALOG_COMPILER_APPICON_NAME = AppIcon;
				ASSETCATALOG_COMPILER_LAUNCHIMAGE_NAME = LaunchImage;
				GCC_PRECOMPILE_PREFIX_HEADER = YES;
				GCC_PREFIX_HEADER = "Signatures2/Signatures2-Prefix.pch";
				INFOPLIST_FILE = "Signatures2/Signatures2-Info.plist";
				PRODUCT_NAME = "$(TARGET_NAME)";
				WRAPPER_EXTENSION = app;
			};
			name = Debug;
		};
		260FC7F9199CEE6600C5ED9C /* Release */ = {
			isa = XCBuildConfiguration;
			buildSettings = {
				ASSETCATALOG_COMPILER_APPICON_NAME = AppIcon;
				ASSETCATALOG_COMPILER_LAUNCHIMAGE_NAME = LaunchImage;
				GCC_PRECOMPILE_PREFIX_HEADER = YES;
				GCC_PREFIX_HEADER = "Signatures2/Signatures2-Prefix.pch";
				INFOPLIST_FILE = "Signatures2/Signatures2-Info.plist";
				PRODUCT_NAME = "$(TARGET_NAME)";
				WRAPPER_EXTENSION = app;
			};
			name = Release;
		};
		260FC7FB199CEE6600C5ED9C /* Debug */ = {
			isa = XCBuildConfiguration;
			buildSettings = {
				BUNDLE_LOADER = "$(BUILT_PRODUCTS_DIR)/Signatures2.app/Signatures2";
				FRAMEWORK_SEARCH_PATHS = (
					"$(SDKROOT)/Developer/Library/Frameworks",
					"$(inherited)",
					"$(DEVELOPER_FRAMEWORKS_DIR)",
				);
				GCC_PRECOMPILE_PREFIX_HEADER = YES;
				GCC_PREFIX_HEADER = "Signatures2/Signatures2-Prefix.pch";
				GCC_PREPROCESSOR_DEFINITIONS = (
					"DEBUG=1",
					"$(inherited)",
				);
				INFOPLIST_FILE = "Signatures2Tests/Signatures2Tests-Info.plist";
				PRODUCT_NAME = "$(TARGET_NAME)";
				TEST_HOST = "$(BUNDLE_LOADER)";
				WRAPPER_EXTENSION = xctest;
			};
			name = Debug;
		};
		260FC7FC199CEE6600C5ED9C /* Release */ = {
			isa = XCBuildConfiguration;
			buildSettings = {
				BUNDLE_LOADER = "$(BUILT_PRODUCTS_DIR)/Signatures2.app/Signatures2";
				FRAMEWORK_SEARCH_PATHS = (
					"$(SDKROOT)/Developer/Library/Frameworks",
					"$(inherited)",
					"$(DEVELOPER_FRAMEWORKS_DIR)",
				);
				GCC_PRECOMPILE_PREFIX_HEADER = YES;
				GCC_PREFIX_HEADER = "Signatures2/Signatures2-Prefix.pch";
				INFOPLIST_FILE = "Signatures2Tests/Signatures2Tests-Info.plist";
				PRODUCT_NAME = "$(TARGET_NAME)";
				TEST_HOST = "$(BUNDLE_LOADER)";
				WRAPPER_EXTENSION = xctest;
			};
			name = Release;
		};
/* End XCBuildConfiguration section */

/* Begin XCConfigurationList section */
		260FC7C6199CEE6600C5ED9C /* Build configuration list for PBXProject "Signatures2" */ = {
			isa = XCConfigurationList;
			buildConfigurations = (
				260FC7F5199CEE6600C5ED9C /* Debug */,
				260FC7F6199CEE6600C5ED9C /* Release */,
			);
			defaultConfigurationIsVisible = 0;
			defaultConfigurationName = Release;
		};
		260FC7F7199CEE6600C5ED9C /* Build configuration list for PBXNativeTarget "Signatures2" */ = {
			isa = XCConfigurationList;
			buildConfigurations = (
				260FC7F8199CEE6600C5ED9C /* Debug */,
				260FC7F9199CEE6600C5ED9C /* Release */,
			);
			defaultConfigurationIsVisible = 0;
			defaultConfigurationName = Release;
		};
		260FC7FA199CEE6600C5ED9C /* Build configuration list for PBXNativeTarget "Signatures2Tests" */ = {
			isa = XCConfigurationList;
			buildConfigurations = (
				260FC7FB199CEE6600C5ED9C /* Debug */,
				260FC7FC199CEE6600C5ED9C /* Release */,
			);
			defaultConfigurationIsVisible = 0;
			defaultConfigurationName = Release;
		};
/* End XCConfigurationList section */
	};
	rootObject = 260FC7C3199CEE6600C5ED9C /* Project object */;
}
