// !$*UTF8*$!
{
	archiveVersion = 1;
	classes = {
	};
	objectVersion = 46;
	objects = {

/* Begin PBXBuildFile section */
		269C1AEF19C734E500CD8783 /* NewLocationVC.swift in Sources */ = {isa = PBXBuildFile; fileRef = 269C1AEE19C734E500CD8783 /* NewLocationVC.swift */; };
		269C1AF119C73A5800CD8783 /* LocationData.swift in Sources */ = {isa = PBXBuildFile; fileRef = 269C1AF019C73A5800CD8783 /* LocationData.swift */; };
		26B77A5119C71CE800A40560 /* AppDelegate.swift in Sources */ = {isa = PBXBuildFile; fileRef = 26B77A5019C71CE800A40560 /* AppDelegate.swift */; };
		26B77A5819C71CE800A40560 /* Main.storyboard in Resources */ = {isa = PBXBuildFile; fileRef = 26B77A5619C71CE800A40560 /* Main.storyboard */; };
		26B77A5A19C71CE800A40560 /* Images.xcassets in Resources */ = {isa = PBXBuildFile; fileRef = 26B77A5919C71CE800A40560 /* Images.xcassets */; };
		26B77A5D19C71CE800A40560 /* LaunchScreen.xib in Resources */ = {isa = PBXBuildFile; fileRef = 26B77A5B19C71CE800A40560 /* LaunchScreen.xib */; };
		26B77A6919C71CE800A40560 /* LoWeetTests.swift in Sources */ = {isa = PBXBuildFile; fileRef = 26B77A6819C71CE800A40560 /* LoWeetTests.swift */; };
		26B77A7319C7216E00A40560 /* TweetLocationTVCell.swift in Sources */ = {isa = PBXBuildFile; fileRef = 26B77A7219C7216E00A40560 /* TweetLocationTVCell.swift */; };
		26B77A7519C721DE00A40560 /* MapLocationsVC.swift in Sources */ = {isa = PBXBuildFile; fileRef = 26B77A7419C721DE00A40560 /* MapLocationsVC.swift */; };
		26B77A7719C721FB00A40560 /* TweetLocationsTVC.swift in Sources */ = {isa = PBXBuildFile; fileRef = 26B77A7619C721FB00A40560 /* TweetLocationsTVC.swift */; };
		26E2D81319C76E5D00A5DB49 /* Marker.swift in Sources */ = {isa = PBXBuildFile; fileRef = 26E2D81219C76E5D00A5DB49 /* Marker.swift */; };
/* End PBXBuildFile section */

/* Begin PBXContainerItemProxy section */
		26B77A6319C71CE800A40560 /* PBXContainerItemProxy */ = {
			isa = PBXContainerItemProxy;
			containerPortal = 26B77A4319C71CE800A40560 /* Project object */;
			proxyType = 1;
			remoteGlobalIDString = 26B77A4A19C71CE800A40560;
			remoteInfo = LoWeet;
		};
/* End PBXContainerItemProxy section */

/* Begin PBXCopyFilesBuildPhase section */
		26EA76CE19C9C5730080B657 /* Embed Frameworks */ = {
			isa = PBXCopyFilesBuildPhase;
			buildActionMask = 2147483647;
			dstPath = "";
			dstSubfolderSpec = 10;
			files = (
			);
			name = "Embed Frameworks";
			runOnlyForDeploymentPostprocessing = 0;
		};
/* End PBXCopyFilesBuildPhase section */

/* Begin PBXFileReference section */
		269C1AEE19C734E500CD8783 /* NewLocationVC.swift */ = {isa = PBXFileReference; fileEncoding = 4; lastKnownFileType = sourcecode.swift; path = NewLocationVC.swift; sourceTree = "<group>"; };
		269C1AF019C73A5800CD8783 /* LocationData.swift */ = {isa = PBXFileReference; fileEncoding = 4; lastKnownFileType = sourcecode.swift; path = LocationData.swift; sourceTree = "<group>"; };
		26B77A4B19C71CE800A40560 /* LoWeet.app */ = {isa = PBXFileReference; explicitFileType = wrapper.application; includeInIndex = 0; path = LoWeet.app; sourceTree = BUILT_PRODUCTS_DIR; };
		26B77A4F19C71CE800A40560 /* Info.plist */ = {isa = PBXFileReference; lastKnownFileType = text.plist.xml; path = Info.plist; sourceTree = "<group>"; };
		26B77A5019C71CE800A40560 /* AppDelegate.swift */ = {isa = PBXFileReference; lastKnownFileType = sourcecode.swift; path = AppDelegate.swift; sourceTree = "<group>"; };
		26B77A5719C71CE800A40560 /* Base */ = {isa = PBXFileReference; lastKnownFileType = file.storyboard; name = Base; path = Base.lproj/Main.storyboard; sourceTree = "<group>"; };
		26B77A5919C71CE800A40560 /* Images.xcassets */ = {isa = PBXFileReference; lastKnownFileType = folder.assetcatalog; path = Images.xcassets; sourceTree = "<group>"; };
		26B77A5C19C71CE800A40560 /* Base */ = {isa = PBXFileReference; lastKnownFileType = file.xib; name = Base; path = Base.lproj/LaunchScreen.xib; sourceTree = "<group>"; };
		26B77A6219C71CE800A40560 /* LoWeetTests.xctest */ = {isa = PBXFileReference; explicitFileType = wrapper.cfbundle; includeInIndex = 0; path = LoWeetTests.xctest; sourceTree = BUILT_PRODUCTS_DIR; };
		26B77A6719C71CE800A40560 /* Info.plist */ = {isa = PBXFileReference; lastKnownFileType = text.plist.xml; path = Info.plist; sourceTree = "<group>"; };
		26B77A6819C71CE800A40560 /* LoWeetTests.swift */ = {isa = PBXFileReference; lastKnownFileType = sourcecode.swift; path = LoWeetTests.swift; sourceTree = "<group>"; };
		26B77A7219C7216E00A40560 /* TweetLocationTVCell.swift */ = {isa = PBXFileReference; fileEncoding = 4; lastKnownFileType = sourcecode.swift; path = TweetLocationTVCell.swift; sourceTree = "<group>"; };
		26B77A7419C721DE00A40560 /* MapLocationsVC.swift */ = {isa = PBXFileReference; fileEncoding = 4; lastKnownFileType = sourcecode.swift; path = MapLocationsVC.swift; sourceTree = "<group>"; };
		26B77A7619C721FB00A40560 /* TweetLocationsTVC.swift */ = {isa = PBXFileReference; fileEncoding = 4; lastKnownFileType = sourcecode.swift; path = TweetLocationsTVC.swift; sourceTree = "<group>"; };
		26E2D81219C76E5D00A5DB49 /* Marker.swift */ = {isa = PBXFileReference; fileEncoding = 4; lastKnownFileType = sourcecode.swift; path = Marker.swift; sourceTree = "<group>"; };
		26EA769319C9C4490080B657 /* Swifter.h */ = {isa = PBXFileReference; lastKnownFileType = sourcecode.c.h; path = Swifter.h; sourceTree = "<group>"; };
		26EA769419C9C4490080B657 /* Swifter-Bridging-Header.h */ = {isa = PBXFileReference; lastKnownFileType = sourcecode.c.h; path = "Swifter-Bridging-Header.h"; sourceTree = "<group>"; };
		26EA769519C9C4490080B657 /* Swifter.swift */ = {isa = PBXFileReference; lastKnownFileType = sourcecode.swift; path = Swifter.swift; sourceTree = "<group>"; };
		26EA769619C9C4490080B657 /* SwifterCredential.swift */ = {isa = PBXFileReference; lastKnownFileType = sourcecode.swift; path = SwifterCredential.swift; sourceTree = "<group>"; };
		26EA769719C9C4490080B657 /* SwifterAuth.swift */ = {isa = PBXFileReference; lastKnownFileType = sourcecode.swift; path = SwifterAuth.swift; sourceTree = "<group>"; };
		26EA769819C9C4490080B657 /* SwifterTimelines.swift */ = {isa = PBXFileReference; lastKnownFileType = sourcecode.swift; path = SwifterTimelines.swift; sourceTree = "<group>"; };
		26EA769919C9C4490080B657 /* SwifterTweets.swift */ = {isa = PBXFileReference; lastKnownFileType = sourcecode.swift; path = SwifterTweets.swift; sourceTree = "<group>"; };
		26EA769A19C9C4490080B657 /* SwifterSearch.swift */ = {isa = PBXFileReference; lastKnownFileType = sourcecode.swift; path = SwifterSearch.swift; sourceTree = "<group>"; };
		26EA769B19C9C4490080B657 /* SwifterStreaming.swift */ = {isa = PBXFileReference; lastKnownFileType = sourcecode.swift; path = SwifterStreaming.swift; sourceTree = "<group>"; };
		26EA769C19C9C4490080B657 /* SwifterMessages.swift */ = {isa = PBXFileReference; lastKnownFileType = sourcecode.swift; path = SwifterMessages.swift; sourceTree = "<group>"; };
		26EA769D19C9C4490080B657 /* SwifterFollowers.swift */ = {isa = PBXFileReference; lastKnownFileType = sourcecode.swift; path = SwifterFollowers.swift; sourceTree = "<group>"; };
		26EA769E19C9C4490080B657 /* SwifterUsers.swift */ = {isa = PBXFileReference; lastKnownFileType = sourcecode.swift; path = SwifterUsers.swift; sourceTree = "<group>"; };
		26EA769F19C9C4490080B657 /* SwifterSuggested.swift */ = {isa = PBXFileReference; lastKnownFileType = sourcecode.swift; path = SwifterSuggested.swift; sourceTree = "<group>"; };
		26EA76A019C9C4490080B657 /* SwifterFavorites.swift */ = {isa = PBXFileReference; lastKnownFileType = sourcecode.swift; path = SwifterFavorites.swift; sourceTree = "<group>"; };
		26EA76A119C9C4490080B657 /* SwifterLists.swift */ = {isa = PBXFileReference; lastKnownFileType = sourcecode.swift; path = SwifterLists.swift; sourceTree = "<group>"; };
		26EA76A219C9C4490080B657 /* SwifterSavedSearches.swift */ = {isa = PBXFileReference; lastKnownFileType = sourcecode.swift; path = SwifterSavedSearches.swift; sourceTree = "<group>"; };
		26EA76A319C9C4490080B657 /* SwifterPlaces.swift */ = {isa = PBXFileReference; lastKnownFileType = sourcecode.swift; path = SwifterPlaces.swift; sourceTree = "<group>"; };
		26EA76A419C9C4490080B657 /* SwifterTrends.swift */ = {isa = PBXFileReference; lastKnownFileType = sourcecode.swift; path = SwifterTrends.swift; sourceTree = "<group>"; };
		26EA76A519C9C4490080B657 /* SwifterSpam.swift */ = {isa = PBXFileReference; lastKnownFileType = sourcecode.swift; path = SwifterSpam.swift; sourceTree = "<group>"; };
		26EA76A619C9C4490080B657 /* SwifterHelp.swift */ = {isa = PBXFileReference; lastKnownFileType = sourcecode.swift; path = SwifterHelp.swift; sourceTree = "<group>"; };
		26EA76A719C9C4490080B657 /* SwifterClientProtocol.swift */ = {isa = PBXFileReference; lastKnownFileType = sourcecode.swift; path = SwifterClientProtocol.swift; sourceTree = "<group>"; };
		26EA76A819C9C4490080B657 /* SwifterOAuthClient.swift */ = {isa = PBXFileReference; lastKnownFileType = sourcecode.swift; path = SwifterOAuthClient.swift; sourceTree = "<group>"; };
		26EA76A919C9C4490080B657 /* SwifterAccountsClient.swift */ = {isa = PBXFileReference; lastKnownFileType = sourcecode.swift; path = SwifterAccountsClient.swift; sourceTree = "<group>"; };
		26EA76AA19C9C4490080B657 /* SwifterAppOnlyClient.swift */ = {isa = PBXFileReference; lastKnownFileType = sourcecode.swift; path = SwifterAppOnlyClient.swift; sourceTree = "<group>"; };
		26EA76AB19C9C4490080B657 /* SwifterHTTPRequest.swift */ = {isa = PBXFileReference; lastKnownFileType = sourcecode.swift; path = SwifterHTTPRequest.swift; sourceTree = "<group>"; };
		26EA76AC19C9C4490080B657 /* JSON.swift */ = {isa = PBXFileReference; lastKnownFileType = sourcecode.swift; path = JSON.swift; sourceTree = "<group>"; };
		26EA76B619C9C5730080B657 /* Info.plist */ = {isa = PBXFileReference; lastKnownFileType = text.plist.xml; path = Info.plist; sourceTree = "<group>"; };
		26EA76B719C9C5730080B657 /* SwifteriOS.h */ = {isa = PBXFileReference; lastKnownFileType = sourcecode.c.h; path = SwifteriOS.h; sourceTree = "<group>"; };
		26EA76C219C9C5730080B657 /* Info.plist */ = {isa = PBXFileReference; lastKnownFileType = text.plist.xml; path = Info.plist; sourceTree = "<group>"; };
		26EA76C319C9C5730080B657 /* SwifteriOSTests.m */ = {isa = PBXFileReference; lastKnownFileType = sourcecode.c.objc; path = SwifteriOSTests.m; sourceTree = "<group>"; };
		26EA76EC19C9C7210080B657 /* Dictionary+Swifter.swift */ = {isa = PBXFileReference; fileEncoding = 4; lastKnownFileType = sourcecode.swift; path = "Dictionary+Swifter.swift"; sourceTree = "<group>"; };
		26EA76ED19C9C7210080B657 /* NSURL+Swifter.swift */ = {isa = PBXFileReference; fileEncoding = 4; lastKnownFileType = sourcecode.swift; path = "NSURL+Swifter.swift"; sourceTree = "<group>"; };
		26EA76EE19C9C7210080B657 /* String+Swifter.swift */ = {isa = PBXFileReference; fileEncoding = 4; lastKnownFileType = sourcecode.swift; path = "String+Swifter.swift"; sourceTree = "<group>"; };
/* End PBXFileReference section */

/* Begin PBXFrameworksBuildPhase section */
		26B77A4819C71CE800A40560 /* Frameworks */ = {
			isa = PBXFrameworksBuildPhase;
			buildActionMask = 2147483647;
			files = (
			);
			runOnlyForDeploymentPostprocessing = 0;
		};
		26B77A5F19C71CE800A40560 /* Frameworks */ = {
			isa = PBXFrameworksBuildPhase;
			buildActionMask = 2147483647;
			files = (
			);
			runOnlyForDeploymentPostprocessing = 0;
		};
/* End PBXFrameworksBuildPhase section */

/* Begin PBXGroup section */
		26B77A4219C71CE800A40560 = {
			isa = PBXGroup;
			children = (
				26EA76AD19C9C4510080B657 /* Swifter */,
				26B77A4D19C71CE800A40560 /* LoWeet */,
				26B77A6519C71CE800A40560 /* LoWeetTests */,
				26EA76B419C9C5730080B657 /* SwifteriOS */,
				26EA76C019C9C5730080B657 /* SwifteriOSTests */,
				26B77A4C19C71CE800A40560 /* Products */,
			);
			sourceTree = "<group>";
		};
		26B77A4C19C71CE800A40560 /* Products */ = {
			isa = PBXGroup;
			children = (
				26B77A4B19C71CE800A40560 /* LoWeet.app */,
				26B77A6219C71CE800A40560 /* LoWeetTests.xctest */,
			);
			name = Products;
			sourceTree = "<group>";
		};
		26B77A4D19C71CE800A40560 /* LoWeet */ = {
			isa = PBXGroup;
			children = (
				26B77A5019C71CE800A40560 /* AppDelegate.swift */,
				26B77A5619C71CE800A40560 /* Main.storyboard */,
				26B77A5919C71CE800A40560 /* Images.xcassets */,
				26B77A5B19C71CE800A40560 /* LaunchScreen.xib */,
				26B77A4E19C71CE800A40560 /* Supporting Files */,
				26B77A7219C7216E00A40560 /* TweetLocationTVCell.swift */,
				26B77A7419C721DE00A40560 /* MapLocationsVC.swift */,
				26B77A7619C721FB00A40560 /* TweetLocationsTVC.swift */,
				269C1AEE19C734E500CD8783 /* NewLocationVC.swift */,
				269C1AF019C73A5800CD8783 /* LocationData.swift */,
				26E2D81219C76E5D00A5DB49 /* Marker.swift */,
			);
			path = LoWeet;
			sourceTree = "<group>";
		};
		26B77A4E19C71CE800A40560 /* Supporting Files */ = {
			isa = PBXGroup;
			children = (
				26B77A4F19C71CE800A40560 /* Info.plist */,
			);
			name = "Supporting Files";
			sourceTree = "<group>";
		};
		26B77A6519C71CE800A40560 /* LoWeetTests */ = {
			isa = PBXGroup;
			children = (
				26B77A6819C71CE800A40560 /* LoWeetTests.swift */,
				26B77A6619C71CE800A40560 /* Supporting Files */,
			);
			path = LoWeetTests;
			sourceTree = "<group>";
		};
		26B77A6619C71CE800A40560 /* Supporting Files */ = {
			isa = PBXGroup;
			children = (
				26B77A6719C71CE800A40560 /* Info.plist */,
			);
			name = "Supporting Files";
			sourceTree = "<group>";
		};
		26EA76AD19C9C4510080B657 /* Swifter */ = {
			isa = PBXGroup;
			children = (
				26EA76EC19C9C7210080B657 /* Dictionary+Swifter.swift */,
				26EA76ED19C9C7210080B657 /* NSURL+Swifter.swift */,
				26EA76EE19C9C7210080B657 /* String+Swifter.swift */,
				26EA769319C9C4490080B657 /* Swifter.h */,
				26EA769419C9C4490080B657 /* Swifter-Bridging-Header.h */,
				26EA769519C9C4490080B657 /* Swifter.swift */,
				26EA769619C9C4490080B657 /* SwifterCredential.swift */,
				26EA769719C9C4490080B657 /* SwifterAuth.swift */,
				26EA769819C9C4490080B657 /* SwifterTimelines.swift */,
				26EA769919C9C4490080B657 /* SwifterTweets.swift */,
				26EA769A19C9C4490080B657 /* SwifterSearch.swift */,
				26EA769B19C9C4490080B657 /* SwifterStreaming.swift */,
				26EA769C19C9C4490080B657 /* SwifterMessages.swift */,
				26EA769D19C9C4490080B657 /* SwifterFollowers.swift */,
				26EA769E19C9C4490080B657 /* SwifterUsers.swift */,
				26EA769F19C9C4490080B657 /* SwifterSuggested.swift */,
				26EA76A019C9C4490080B657 /* SwifterFavorites.swift */,
				26EA76A119C9C4490080B657 /* SwifterLists.swift */,
				26EA76A219C9C4490080B657 /* SwifterSavedSearches.swift */,
				26EA76A319C9C4490080B657 /* SwifterPlaces.swift */,
				26EA76A419C9C4490080B657 /* SwifterTrends.swift */,
				26EA76A519C9C4490080B657 /* SwifterSpam.swift */,
				26EA76A619C9C4490080B657 /* SwifterHelp.swift */,
				26EA76A719C9C4490080B657 /* SwifterClientProtocol.swift */,
				26EA76A819C9C4490080B657 /* SwifterOAuthClient.swift */,
				26EA76A919C9C4490080B657 /* SwifterAccountsClient.swift */,
				26EA76AA19C9C4490080B657 /* SwifterAppOnlyClient.swift */,
				26EA76AB19C9C4490080B657 /* SwifterHTTPRequest.swift */,
				26EA76AC19C9C4490080B657 /* JSON.swift */,
			);
			name = Swifter;
			sourceTree = "<group>";
		};
		26EA76B419C9C5730080B657 /* SwifteriOS */ = {
			isa = PBXGroup;
			children = (
				26EA76B719C9C5730080B657 /* SwifteriOS.h */,
				26EA76B519C9C5730080B657 /* Supporting Files */,
			);
			path = SwifteriOS;
			sourceTree = "<group>";
		};
		26EA76B519C9C5730080B657 /* Supporting Files */ = {
			isa = PBXGroup;
			children = (
				26EA76B619C9C5730080B657 /* Info.plist */,
			);
			name = "Supporting Files";
			sourceTree = "<group>";
		};
		26EA76C019C9C5730080B657 /* SwifteriOSTests */ = {
			isa = PBXGroup;
			children = (
				26EA76C319C9C5730080B657 /* SwifteriOSTests.m */,
				26EA76C119C9C5730080B657 /* Supporting Files */,
			);
			path = SwifteriOSTests;
			sourceTree = "<group>";
		};
		26EA76C119C9C5730080B657 /* Supporting Files */ = {
			isa = PBXGroup;
			children = (
				26EA76C219C9C5730080B657 /* Info.plist */,
			);
			name = "Supporting Files";
			sourceTree = "<group>";
		};
/* End PBXGroup section */

/* Begin PBXNativeTarget section */
		26B77A4A19C71CE800A40560 /* LoWeet */ = {
			isa = PBXNativeTarget;
			buildConfigurationList = 26B77A6C19C71CE800A40560 /* Build configuration list for PBXNativeTarget "LoWeet" */;
			buildPhases = (
				26B77A4719C71CE800A40560 /* Sources */,
				26B77A4819C71CE800A40560 /* Frameworks */,
				26B77A4919C71CE800A40560 /* Resources */,
				26EA76CE19C9C5730080B657 /* Embed Frameworks */,
			);
			buildRules = (
			);
			dependencies = (
			);
			name = LoWeet;
			productName = LoWeet;
			productReference = 26B77A4B19C71CE800A40560 /* LoWeet.app */;
			productType = "com.apple.product-type.application";
		};
		26B77A6119C71CE800A40560 /* LoWeetTests */ = {
			isa = PBXNativeTarget;
			buildConfigurationList = 26B77A6F19C71CE800A40560 /* Build configuration list for PBXNativeTarget "LoWeetTests" */;
			buildPhases = (
				26B77A5E19C71CE800A40560 /* Sources */,
				26B77A5F19C71CE800A40560 /* Frameworks */,
				26B77A6019C71CE800A40560 /* Resources */,
			);
			buildRules = (
			);
			dependencies = (
				26B77A6419C71CE800A40560 /* PBXTargetDependency */,
			);
			name = LoWeetTests;
			productName = LoWeetTests;
			productReference = 26B77A6219C71CE800A40560 /* LoWeetTests.xctest */;
			productType = "com.apple.product-type.bundle.unit-test";
		};
/* End PBXNativeTarget section */

/* Begin PBXProject section */
		26B77A4319C71CE800A40560 /* Project object */ = {
			isa = PBXProject;
			attributes = {
				LastUpgradeCheck = 0600;
				ORGANIZATIONNAME = KaL;
				TargetAttributes = {
					26B77A4A19C71CE800A40560 = {
						CreatedOnToolsVersion = 6.0;
					};
					26B77A6119C71CE800A40560 = {
						CreatedOnToolsVersion = 6.0;
						TestTargetID = 26B77A4A19C71CE800A40560;
					};
				};
			};
			buildConfigurationList = 26B77A4619C71CE800A40560 /* Build configuration list for PBXProject "LoWeet" */;
			compatibilityVersion = "Xcode 3.2";
			developmentRegion = English;
			hasScannedForEncodings = 0;
			knownRegions = (
				en,
				Base,
			);
			mainGroup = 26B77A4219C71CE800A40560;
			productRefGroup = 26B77A4C19C71CE800A40560 /* Products */;
			projectDirPath = "";
			projectRoot = "";
			targets = (
				26B77A4A19C71CE800A40560 /* LoWeet */,
				26B77A6119C71CE800A40560 /* LoWeetTests */,
			);
		};
/* End PBXProject section */

/* Begin PBXResourcesBuildPhase section */
		26B77A4919C71CE800A40560 /* Resources */ = {
			isa = PBXResourcesBuildPhase;
			buildActionMask = 2147483647;
			files = (
				26B77A5819C71CE800A40560 /* Main.storyboard in Resources */,
				26B77A5D19C71CE800A40560 /* LaunchScreen.xib in Resources */,
				26B77A5A19C71CE800A40560 /* Images.xcassets in Resources */,
			);
			runOnlyForDeploymentPostprocessing = 0;
		};
		26B77A6019C71CE800A40560 /* Resources */ = {
			isa = PBXResourcesBuildPhase;
			buildActionMask = 2147483647;
			files = (
			);
			runOnlyForDeploymentPostprocessing = 0;
		};
/* End PBXResourcesBuildPhase section */

/* Begin PBXSourcesBuildPhase section */
		26B77A4719C71CE800A40560 /* Sources */ = {
			isa = PBXSourcesBuildPhase;
			buildActionMask = 2147483647;
			files = (
				269C1AF119C73A5800CD8783 /* LocationData.swift in Sources */,
				269C1AEF19C734E500CD8783 /* NewLocationVC.swift in Sources */,
				26B77A7719C721FB00A40560 /* TweetLocationsTVC.swift in Sources */,
				26B77A7519C721DE00A40560 /* MapLocationsVC.swift in Sources */,
				26B77A7319C7216E00A40560 /* TweetLocationTVCell.swift in Sources */,
				26B77A5119C71CE800A40560 /* AppDelegate.swift in Sources */,
				26E2D81319C76E5D00A5DB49 /* Marker.swift in Sources */,
			);
			runOnlyForDeploymentPostprocessing = 0;
		};
		26B77A5E19C71CE800A40560 /* Sources */ = {
			isa = PBXSourcesBuildPhase;
			buildActionMask = 2147483647;
			files = (
				26B77A6919C71CE800A40560 /* LoWeetTests.swift in Sources */,
			);
			runOnlyForDeploymentPostprocessing = 0;
		};
/* End PBXSourcesBuildPhase section */

/* Begin PBXTargetDependency section */
		26B77A6419C71CE800A40560 /* PBXTargetDependency */ = {
			isa = PBXTargetDependency;
			target = 26B77A4A19C71CE800A40560 /* LoWeet */;
			targetProxy = 26B77A6319C71CE800A40560 /* PBXContainerItemProxy */;
		};
/* End PBXTargetDependency section */

/* Begin PBXVariantGroup section */
		26B77A5619C71CE800A40560 /* Main.storyboard */ = {
			isa = PBXVariantGroup;
			children = (
				26B77A5719C71CE800A40560 /* Base */,
			);
			name = Main.storyboard;
			sourceTree = "<group>";
		};
		26B77A5B19C71CE800A40560 /* LaunchScreen.xib */ = {
			isa = PBXVariantGroup;
			children = (
				26B77A5C19C71CE800A40560 /* Base */,
			);
			name = LaunchScreen.xib;
			sourceTree = "<group>";
		};
/* End PBXVariantGroup section */

/* Begin XCBuildConfiguration section */
		26B77A6A19C71CE800A40560 /* Debug */ = {
			isa = XCBuildConfiguration;
			buildSettings = {
				ALWAYS_SEARCH_USER_PATHS = NO;
				CLANG_CXX_LANGUAGE_STANDARD = "gnu++0x";
				CLANG_CXX_LIBRARY = "libc++";
				CLANG_ENABLE_MODULES = YES;
				CLANG_ENABLE_OBJC_ARC = YES;
				CLANG_WARN_BOOL_CONVERSION = YES;
				CLANG_WARN_CONSTANT_CONVERSION = YES;
				CLANG_WARN_DIRECT_OBJC_ISA_USAGE = YES_ERROR;
				CLANG_WARN_EMPTY_BODY = YES;
				CLANG_WARN_ENUM_CONVERSION = YES;
				CLANG_WARN_INT_CONVERSION = YES;
				CLANG_WARN_OBJC_ROOT_CLASS = YES_ERROR;
				CLANG_WARN_UNREACHABLE_CODE = YES;
				CLANG_WARN__DUPLICATE_METHOD_MATCH = YES;
				"CODE_SIGN_IDENTITY[sdk=iphoneos*]" = "iPhone Developer";
				COPY_PHASE_STRIP = NO;
				ENABLE_STRICT_OBJC_MSGSEND = YES;
				GCC_C_LANGUAGE_STANDARD = gnu99;
				GCC_DYNAMIC_NO_PIC = NO;
				GCC_OPTIMIZATION_LEVEL = 0;
				GCC_PREPROCESSOR_DEFINITIONS = (
					"DEBUG=1",
					"$(inherited)",
				);
				GCC_SYMBOLS_PRIVATE_EXTERN = NO;
				GCC_WARN_64_TO_32_BIT_CONVERSION = YES;
				GCC_WARN_ABOUT_RETURN_TYPE = YES_ERROR;
				GCC_WARN_UNDECLARED_SELECTOR = YES;
				GCC_WARN_UNINITIALIZED_AUTOS = YES_AGGRESSIVE;
				GCC_WARN_UNUSED_FUNCTION = YES;
				GCC_WARN_UNUSED_VARIABLE = YES;
				IPHONEOS_DEPLOYMENT_TARGET = 8.0;
				MTL_ENABLE_DEBUG_INFO = YES;
				ONLY_ACTIVE_ARCH = YES;
				SDKROOT = iphoneos;
				SWIFT_OPTIMIZATION_LEVEL = "-Onone";
			};
			name = Debug;
		};
		26B77A6B19C71CE800A40560 /* Release */ = {
			isa = XCBuildConfiguration;
			buildSettings = {
				ALWAYS_SEARCH_USER_PATHS = NO;
				CLANG_CXX_LANGUAGE_STANDARD = "gnu++0x";
				CLANG_CXX_LIBRARY = "libc++";
				CLANG_ENABLE_MODULES = YES;
				CLANG_ENABLE_OBJC_ARC = YES;
				CLANG_WARN_BOOL_CONVERSION = YES;
				CLANG_WARN_CONSTANT_CONVERSION = YES;
				CLANG_WARN_DIRECT_OBJC_ISA_USAGE = YES_ERROR;
				CLANG_WARN_EMPTY_BODY = YES;
				CLANG_WARN_ENUM_CONVERSION = YES;
				CLANG_WARN_INT_CONVERSION = YES;
				CLANG_WARN_OBJC_ROOT_CLASS = YES_ERROR;
				CLANG_WARN_UNREACHABLE_CODE = YES;
				CLANG_WARN__DUPLICATE_METHOD_MATCH = YES;
				"CODE_SIGN_IDENTITY[sdk=iphoneos*]" = "iPhone Developer";
				COPY_PHASE_STRIP = YES;
				ENABLE_NS_ASSERTIONS = NO;
				ENABLE_STRICT_OBJC_MSGSEND = YES;
				GCC_C_LANGUAGE_STANDARD = gnu99;
				GCC_WARN_64_TO_32_BIT_CONVERSION = YES;
				GCC_WARN_ABOUT_RETURN_TYPE = YES_ERROR;
				GCC_WARN_UNDECLARED_SELECTOR = YES;
				GCC_WARN_UNINITIALIZED_AUTOS = YES_AGGRESSIVE;
				GCC_WARN_UNUSED_FUNCTION = YES;
				GCC_WARN_UNUSED_VARIABLE = YES;
				IPHONEOS_DEPLOYMENT_TARGET = 8.0;
				MTL_ENABLE_DEBUG_INFO = NO;
				SDKROOT = iphoneos;
				VALIDATE_PRODUCT = YES;
			};
			name = Release;
		};
		26B77A6D19C71CE800A40560 /* Debug */ = {
			isa = XCBuildConfiguration;
			buildSettings = {
				ASSETCATALOG_COMPILER_APPICON_NAME = AppIcon;
				INFOPLIST_FILE = LoWeet/Info.plist;
				LD_RUNPATH_SEARCH_PATHS = "$(inherited) @executable_path/Frameworks";
				PRODUCT_NAME = "$(TARGET_NAME)";
				SWIFT_OBJC_BRIDGING_HEADER = "Swifter-Bridging-Header.h";
			};
			name = Debug;
		};
		26B77A6E19C71CE800A40560 /* Release */ = {
			isa = XCBuildConfiguration;
			buildSettings = {
				ASSETCATALOG_COMPILER_APPICON_NAME = AppIcon;
				INFOPLIST_FILE = LoWeet/Info.plist;
				LD_RUNPATH_SEARCH_PATHS = "$(inherited) @executable_path/Frameworks";
				PRODUCT_NAME = "$(TARGET_NAME)";
				SWIFT_OBJC_BRIDGING_HEADER = "Swifter-Bridging-Header.h";
			};
			name = Release;
		};
		26B77A7019C71CE800A40560 /* Debug */ = {
			isa = XCBuildConfiguration;
			buildSettings = {
				BUNDLE_LOADER = "$(TEST_HOST)";
				FRAMEWORK_SEARCH_PATHS = (
					"$(SDKROOT)/Developer/Library/Frameworks",
					"$(inherited)",
				);
				GCC_PREPROCESSOR_DEFINITIONS = (
					"DEBUG=1",
					"$(inherited)",
				);
				INFOPLIST_FILE = LoWeetTests/Info.plist;
				LD_RUNPATH_SEARCH_PATHS = "$(inherited) @executable_path/Frameworks @loader_path/Frameworks";
				PRODUCT_NAME = "$(TARGET_NAME)";
				TEST_HOST = "$(BUILT_PRODUCTS_DIR)/LoWeet.app/LoWeet";
			};
			name = Debug;
		};
		26B77A7119C71CE800A40560 /* Release */ = {
			isa = XCBuildConfiguration;
			buildSettings = {
				BUNDLE_LOADER = "$(TEST_HOST)";
				FRAMEWORK_SEARCH_PATHS = (
					"$(SDKROOT)/Developer/Library/Frameworks",
					"$(inherited)",
				);
				INFOPLIST_FILE = LoWeetTests/Info.plist;
				LD_RUNPATH_SEARCH_PATHS = "$(inherited) @executable_path/Frameworks @loader_path/Frameworks";
				PRODUCT_NAME = "$(TARGET_NAME)";
				TEST_HOST = "$(BUILT_PRODUCTS_DIR)/LoWeet.app/LoWeet";
			};
			name = Release;
		};
/* End XCBuildConfiguration section */

/* Begin XCConfigurationList section */
		26B77A4619C71CE800A40560 /* Build configuration list for PBXProject "LoWeet" */ = {
			isa = XCConfigurationList;
			buildConfigurations = (
				26B77A6A19C71CE800A40560 /* Debug */,
				26B77A6B19C71CE800A40560 /* Release */,
			);
			defaultConfigurationIsVisible = 0;
			defaultConfigurationName = Release;
		};
		26B77A6C19C71CE800A40560 /* Build configuration list for PBXNativeTarget "LoWeet" */ = {
			isa = XCConfigurationList;
			buildConfigurations = (
				26B77A6D19C71CE800A40560 /* Debug */,
				26B77A6E19C71CE800A40560 /* Release */,
			);
			defaultConfigurationIsVisible = 0;
			defaultConfigurationName = Release;
		};
		26B77A6F19C71CE800A40560 /* Build configuration list for PBXNativeTarget "LoWeetTests" */ = {
			isa = XCConfigurationList;
			buildConfigurations = (
				26B77A7019C71CE800A40560 /* Debug */,
				26B77A7119C71CE800A40560 /* Release */,
			);
			defaultConfigurationIsVisible = 0;
			defaultConfigurationName = Release;
		};
/* End XCConfigurationList section */
	};
	rootObject = 26B77A4319C71CE800A40560 /* Project object */;
}
